// !$*UTF8*$!
{
	archiveVersion = 1;
	classes = {
	};
	objectVersion = 46;
	objects = {

/* Begin PBXBuildFile section */
		DE34DFBA18F889FD00984015 /* UIKit.framework in Frameworks */ = {isa = PBXBuildFile; fileRef = DE34DFB918F889FD00984015 /* UIKit.framework */; };
		DE34DFBC18F889FD00984015 /* Foundation.framework in Frameworks */ = {isa = PBXBuildFile; fileRef = DE34DFBB18F889FD00984015 /* Foundation.framework */; };
		DE34DFBE18F889FD00984015 /* CoreGraphics.framework in Frameworks */ = {isa = PBXBuildFile; fileRef = DE34DFBD18F889FD00984015 /* CoreGraphics.framework */; };
		DE34DFC418F889FD00984015 /* InfoPlist.strings in Resources */ = {isa = PBXBuildFile; fileRef = DE34DFC218F889FD00984015 /* InfoPlist.strings */; };
		DE34DFC618F889FE00984015 /* main.m in Sources */ = {isa = PBXBuildFile; fileRef = DE34DFC518F889FE00984015 /* main.m */; };
		DE34DFCA18F889FE00984015 /* JCMAppDelegate.m in Sources */ = {isa = PBXBuildFile; fileRef = DE34DFC918F889FE00984015 /* JCMAppDelegate.m */; };
		DE34DFCD18F889FE00984015 /* MainStoryboard.storyboard in Resources */ = {isa = PBXBuildFile; fileRef = DE34DFCB18F889FE00984015 /* MainStoryboard.storyboard */; };
		DE34DFD218F889FE00984015 /* first.png in Resources */ = {isa = PBXBuildFile; fileRef = DE34DFD118F889FE00984015 /* first.png */; };
		DE34DFD418F889FE00984015 /* first@2x.png in Resources */ = {isa = PBXBuildFile; fileRef = DE34DFD318F889FE00984015 /* first@2x.png */; };
		DE34DFD918F889FE00984015 /* second.png in Resources */ = {isa = PBXBuildFile; fileRef = DE34DFD818F889FE00984015 /* second.png */; };
		DE34DFDB18F889FE00984015 /* second@2x.png in Resources */ = {isa = PBXBuildFile; fileRef = DE34DFDA18F889FE00984015 /* second@2x.png */; };
		DE34DFE318F889FE00984015 /* SenTestingKit.framework in Frameworks */ = {isa = PBXBuildFile; fileRef = DE34DFE218F889FE00984015 /* SenTestingKit.framework */; };
		DE34DFE418F889FE00984015 /* UIKit.framework in Frameworks */ = {isa = PBXBuildFile; fileRef = DE34DFB918F889FD00984015 /* UIKit.framework */; };
		DE34DFE518F889FE00984015 /* Foundation.framework in Frameworks */ = {isa = PBXBuildFile; fileRef = DE34DFBB18F889FD00984015 /* Foundation.framework */; };
		DE34DFED18F889FE00984015 /* InfoPlist.strings in Resources */ = {isa = PBXBuildFile; fileRef = DE34DFEB18F889FE00984015 /* InfoPlist.strings */; };
		DE34DFF018F889FE00984015 /* WheresCarlTests.m in Sources */ = {isa = PBXBuildFile; fileRef = DE34DFEF18F889FE00984015 /* WheresCarlTests.m */; };
		DE34DFFC18F890E100984015 /* JCMCheckInViewController.m in Sources */ = {isa = PBXBuildFile; fileRef = DE34DFFA18F890E100984015 /* JCMCheckInViewController.m */; };
		DE34DFFD18F890E100984015 /* JCMCheckInViewController.xib in Resources */ = {isa = PBXBuildFile; fileRef = DE34DFFB18F890E100984015 /* JCMCheckInViewController.xib */; };
		DE34E00618F891E900984015 /* JCMCheckInListTableViewController.m in Sources */ = {isa = PBXBuildFile; fileRef = DE34E00418F891E900984015 /* JCMCheckInListTableViewController.m */; };
		DE34E00718F891E900984015 /* JCMCheckInListTableViewController.xib in Resources */ = {isa = PBXBuildFile; fileRef = DE34E00518F891E900984015 /* JCMCheckInListTableViewController.xib */; };
		FCF96EEE18FAFFE80079D943 /* JCMCheckIn.m in Sources */ = {isa = PBXBuildFile; fileRef = FCF96EED18FAFFE80079D943 /* JCMCheckIn.m */; };
		FCF96EF018FB00E40079D943 /* MapKit.framework in Frameworks */ = {isa = PBXBuildFile; fileRef = FCF96EEF18FB00E40079D943 /* MapKit.framework */; };
		FCF96EF318FB18270079D943 /* JCMTabBarViewController.m in Sources */ = {isa = PBXBuildFile; fileRef = FCF96EF218FB18270079D943 /* JCMTabBarViewController.m */; };
		FCF96EF918FB1B260079D943 /* JCMMapViewController.m in Sources */ = {isa = PBXBuildFile; fileRef = FCF96EF818FB1B260079D943 /* JCMMapViewController.m */; };
/* End PBXBuildFile section */

/* Begin PBXContainerItemProxy section */
		DE34DFE618F889FE00984015 /* PBXContainerItemProxy */ = {
			isa = PBXContainerItemProxy;
			containerPortal = DE34DFAC18F889FD00984015 /* Project object */;
			proxyType = 1;
			remoteGlobalIDString = DE34DFB418F889FD00984015;
			remoteInfo = WheresCarl;
		};
/* End PBXContainerItemProxy section */

/* Begin PBXFileReference section */
		DE34DFB518F889FD00984015 /* WheresCarl.app */ = {isa = PBXFileReference; explicitFileType = wrapper.application; includeInIndex = 0; path = WheresCarl.app; sourceTree = BUILT_PRODUCTS_DIR; };
		DE34DFB918F889FD00984015 /* UIKit.framework */ = {isa = PBXFileReference; lastKnownFileType = wrapper.framework; name = UIKit.framework; path = System/Library/Frameworks/UIKit.framework; sourceTree = SDKROOT; };
		DE34DFBB18F889FD00984015 /* Foundation.framework */ = {isa = PBXFileReference; lastKnownFileType = wrapper.framework; name = Foundation.framework; path = System/Library/Frameworks/Foundation.framework; sourceTree = SDKROOT; };
		DE34DFBD18F889FD00984015 /* CoreGraphics.framework */ = {isa = PBXFileReference; lastKnownFileType = wrapper.framework; name = CoreGraphics.framework; path = System/Library/Frameworks/CoreGraphics.framework; sourceTree = SDKROOT; };
		DE34DFC118F889FD00984015 /* WheresCarl-Info.plist */ = {isa = PBXFileReference; lastKnownFileType = text.plist.xml; path = "WheresCarl-Info.plist"; sourceTree = "<group>"; };
		DE34DFC318F889FD00984015 /* en */ = {isa = PBXFileReference; lastKnownFileType = text.plist.strings; name = en; path = en.lproj/InfoPlist.strings; sourceTree = "<group>"; };
		DE34DFC518F889FE00984015 /* main.m */ = {isa = PBXFileReference; lastKnownFileType = sourcecode.c.objc; path = main.m; sourceTree = "<group>"; };
		DE34DFC718F889FE00984015 /* WheresCarl-Prefix.pch */ = {isa = PBXFileReference; lastKnownFileType = sourcecode.c.h; path = "WheresCarl-Prefix.pch"; sourceTree = "<group>"; };
		DE34DFC818F889FE00984015 /* JCMAppDelegate.h */ = {isa = PBXFileReference; lastKnownFileType = sourcecode.c.h; path = JCMAppDelegate.h; sourceTree = "<group>"; };
		DE34DFC918F889FE00984015 /* JCMAppDelegate.m */ = {isa = PBXFileReference; lastKnownFileType = sourcecode.c.objc; path = JCMAppDelegate.m; sourceTree = "<group>"; };
		DE34DFCC18F889FE00984015 /* en */ = {isa = PBXFileReference; lastKnownFileType = file.storyboard; name = en; path = en.lproj/MainStoryboard.storyboard; sourceTree = "<group>"; };
		DE34DFD118F889FE00984015 /* first.png */ = {isa = PBXFileReference; lastKnownFileType = image.png; path = first.png; sourceTree = "<group>"; };
		DE34DFD318F889FE00984015 /* first@2x.png */ = {isa = PBXFileReference; lastKnownFileType = image.png; path = "first@2x.png"; sourceTree = "<group>"; };
		DE34DFD818F889FE00984015 /* second.png */ = {isa = PBXFileReference; lastKnownFileType = image.png; path = second.png; sourceTree = "<group>"; };
		DE34DFDA18F889FE00984015 /* second@2x.png */ = {isa = PBXFileReference; lastKnownFileType = image.png; path = "second@2x.png"; sourceTree = "<group>"; };
		DE34DFE118F889FE00984015 /* WheresCarlTests.octest */ = {isa = PBXFileReference; explicitFileType = wrapper.cfbundle; includeInIndex = 0; path = WheresCarlTests.octest; sourceTree = BUILT_PRODUCTS_DIR; };
		DE34DFE218F889FE00984015 /* SenTestingKit.framework */ = {isa = PBXFileReference; lastKnownFileType = wrapper.framework; name = SenTestingKit.framework; path = Library/Frameworks/SenTestingKit.framework; sourceTree = DEVELOPER_DIR; };
		DE34DFEA18F889FE00984015 /* WheresCarlTests-Info.plist */ = {isa = PBXFileReference; lastKnownFileType = text.plist.xml; path = "WheresCarlTests-Info.plist"; sourceTree = "<group>"; };
		DE34DFEC18F889FE00984015 /* en */ = {isa = PBXFileReference; lastKnownFileType = text.plist.strings; name = en; path = en.lproj/InfoPlist.strings; sourceTree = "<group>"; };
		DE34DFEE18F889FE00984015 /* WheresCarlTests.h */ = {isa = PBXFileReference; lastKnownFileType = sourcecode.c.h; path = WheresCarlTests.h; sourceTree = "<group>"; };
		DE34DFEF18F889FE00984015 /* WheresCarlTests.m */ = {isa = PBXFileReference; lastKnownFileType = sourcecode.c.objc; path = WheresCarlTests.m; sourceTree = "<group>"; };
		DE34DFF918F890E100984015 /* JCMCheckInViewController.h */ = {isa = PBXFileReference; fileEncoding = 4; lastKnownFileType = sourcecode.c.h; path = JCMCheckInViewController.h; sourceTree = "<group>"; };
		DE34DFFA18F890E100984015 /* JCMCheckInViewController.m */ = {isa = PBXFileReference; fileEncoding = 4; lastKnownFileType = sourcecode.c.objc; path = JCMCheckInViewController.m; sourceTree = "<group>"; };
		DE34DFFB18F890E100984015 /* JCMCheckInViewController.xib */ = {isa = PBXFileReference; fileEncoding = 4; lastKnownFileType = file.xib; path = JCMCheckInViewController.xib; sourceTree = "<group>"; };
		DE34E00318F891E800984015 /* JCMCheckInListTableViewController.h */ = {isa = PBXFileReference; fileEncoding = 4; lastKnownFileType = sourcecode.c.h; path = JCMCheckInListTableViewController.h; sourceTree = "<group>"; };
		DE34E00418F891E900984015 /* JCMCheckInListTableViewController.m */ = {isa = PBXFileReference; fileEncoding = 4; lastKnownFileType = sourcecode.c.objc; path = JCMCheckInListTableViewController.m; sourceTree = "<group>"; };
		DE34E00518F891E900984015 /* JCMCheckInListTableViewController.xib */ = {isa = PBXFileReference; fileEncoding = 4; lastKnownFileType = file.xib; path = JCMCheckInListTableViewController.xib; sourceTree = "<group>"; };
		FCF96EEC18FAFFE80079D943 /* JCMCheckIn.h */ = {isa = PBXFileReference; fileEncoding = 4; lastKnownFileType = sourcecode.c.h; path = JCMCheckIn.h; sourceTree = "<group>"; };
		FCF96EED18FAFFE80079D943 /* JCMCheckIn.m */ = {isa = PBXFileReference; fileEncoding = 4; lastKnownFileType = sourcecode.c.objc; path = JCMCheckIn.m; sourceTree = "<group>"; };
		FCF96EEF18FB00E40079D943 /* MapKit.framework */ = {isa = PBXFileReference; lastKnownFileType = wrapper.framework; name = MapKit.framework; path = System/Library/Frameworks/MapKit.framework; sourceTree = SDKROOT; };
		FCF96EF118FB18270079D943 /* JCMTabBarViewController.h */ = {isa = PBXFileReference; fileEncoding = 4; lastKnownFileType = sourcecode.c.h; path = JCMTabBarViewController.h; sourceTree = "<group>"; };
		FCF96EF218FB18270079D943 /* JCMTabBarViewController.m */ = {isa = PBXFileReference; fileEncoding = 4; lastKnownFileType = sourcecode.c.objc; path = JCMTabBarViewController.m; sourceTree = "<group>"; };
		FCF96EF718FB1B260079D943 /* JCMMapViewController.h */ = {isa = PBXFileReference; fileEncoding = 4; lastKnownFileType = sourcecode.c.h; path = JCMMapViewController.h; sourceTree = "<group>"; };
		FCF96EF818FB1B260079D943 /* JCMMapViewController.m */ = {isa = PBXFileReference; fileEncoding = 4; lastKnownFileType = sourcecode.c.objc; path = JCMMapViewController.m; sourceTree = "<group>"; };
/* End PBXFileReference section */

/* Begin PBXFrameworksBuildPhase section */
		DE34DFB218F889FD00984015 /* Frameworks */ = {
			isa = PBXFrameworksBuildPhase;
			buildActionMask = 2147483647;
			files = (
				DE34DFBA18F889FD00984015 /* UIKit.framework in Frameworks */,
				DE34DFBC18F889FD00984015 /* Foundation.framework in Frameworks */,
				FCF96EF018FB00E40079D943 /* MapKit.framework in Frameworks */,
				DE34DFBE18F889FD00984015 /* CoreGraphics.framework in Frameworks */,
			);
			runOnlyForDeploymentPostprocessing = 0;
		};
		DE34DFDD18F889FE00984015 /* Frameworks */ = {
			isa = PBXFrameworksBuildPhase;
			buildActionMask = 2147483647;
			files = (
				DE34DFE318F889FE00984015 /* SenTestingKit.framework in Frameworks */,
				DE34DFE418F889FE00984015 /* UIKit.framework in Frameworks */,
				DE34DFE518F889FE00984015 /* Foundation.framework in Frameworks */,
			);
			runOnlyForDeploymentPostprocessing = 0;
		};
/* End PBXFrameworksBuildPhase section */

/* Begin PBXGroup section */
		DE34DFAA18F889FD00984015 = {
			isa = PBXGroup;
			children = (
				DE34DFBF18F889FD00984015 /* WheresCarl */,
				DE34DFE818F889FE00984015 /* WheresCarlTests */,
				DE34DFB818F889FD00984015 /* Frameworks */,
				DE34DFB618F889FD00984015 /* Products */,
			);
			sourceTree = "<group>";
		};
		DE34DFB618F889FD00984015 /* Products */ = {
			isa = PBXGroup;
			children = (
				DE34DFB518F889FD00984015 /* WheresCarl.app */,
				DE34DFE118F889FE00984015 /* WheresCarlTests.octest */,
			);
			name = Products;
			sourceTree = "<group>";
		};
		DE34DFB818F889FD00984015 /* Frameworks */ = {
			isa = PBXGroup;
			children = (
				FCF96EEF18FB00E40079D943 /* MapKit.framework */,
				DE34DFB918F889FD00984015 /* UIKit.framework */,
				DE34DFBB18F889FD00984015 /* Foundation.framework */,
				DE34DFBD18F889FD00984015 /* CoreGraphics.framework */,
				DE34DFE218F889FE00984015 /* SenTestingKit.framework */,
			);
			name = Frameworks;
			sourceTree = "<group>";
		};
		DE34DFBF18F889FD00984015 /* WheresCarl */ = {
			isa = PBXGroup;
			children = (
				FCF96EF718FB1B260079D943 /* JCMMapViewController.h */,
				FCF96EF818FB1B260079D943 /* JCMMapViewController.m */,
				DE34E00318F891E800984015 /* JCMCheckInListTableViewController.h */,
				DE34E00418F891E900984015 /* JCMCheckInListTableViewController.m */,
				DE34E00518F891E900984015 /* JCMCheckInListTableViewController.xib */,
				FCF96EEC18FAFFE80079D943 /* JCMCheckIn.h */,
				FCF96EED18FAFFE80079D943 /* JCMCheckIn.m */,
				DE34DFF918F890E100984015 /* JCMCheckInViewController.h */,
				DE34DFFA18F890E100984015 /* JCMCheckInViewController.m */,
				DE34DFFB18F890E100984015 /* JCMCheckInViewController.xib */,
				DE34DFC818F889FE00984015 /* JCMAppDelegate.h */,
				DE34DFC918F889FE00984015 /* JCMAppDelegate.m */,
				DE34DFCB18F889FE00984015 /* MainStoryboard.storyboard */,
				FCF96EF118FB18270079D943 /* JCMTabBarViewController.h */,
				FCF96EF218FB18270079D943 /* JCMTabBarViewController.m */,
				DE34DFD118F889FE00984015 /* first.png */,
				DE34DFD318F889FE00984015 /* first@2x.png */,
				DE34DFD818F889FE00984015 /* second.png */,
				DE34DFDA18F889FE00984015 /* second@2x.png */,
				DE34DFC018F889FD00984015 /* Supporting Files */,
			);
			path = WheresCarl;
			sourceTree = "<group>";
		};
		DE34DFC018F889FD00984015 /* Supporting Files */ = {
			isa = PBXGroup;
			children = (
				DE34DFC118F889FD00984015 /* WheresCarl-Info.plist */,
				DE34DFC218F889FD00984015 /* InfoPlist.strings */,
				DE34DFC518F889FE00984015 /* main.m */,
				DE34DFC718F889FE00984015 /* WheresCarl-Prefix.pch */,
			);
			name = "Supporting Files";
			sourceTree = "<group>";
		};
		DE34DFE818F889FE00984015 /* WheresCarlTests */ = {
			isa = PBXGroup;
			children = (
				DE34DFEE18F889FE00984015 /* WheresCarlTests.h */,
				DE34DFEF18F889FE00984015 /* WheresCarlTests.m */,
				DE34DFE918F889FE00984015 /* Supporting Files */,
			);
			path = WheresCarlTests;
			sourceTree = "<group>";
		};
		DE34DFE918F889FE00984015 /* Supporting Files */ = {
			isa = PBXGroup;
			children = (
				DE34DFEA18F889FE00984015 /* WheresCarlTests-Info.plist */,
				DE34DFEB18F889FE00984015 /* InfoPlist.strings */,
			);
			name = "Supporting Files";
			sourceTree = "<group>";
		};
/* End PBXGroup section */

/* Begin PBXNativeTarget section */
		DE34DFB418F889FD00984015 /* WheresCarl */ = {
			isa = PBXNativeTarget;
			buildConfigurationList = DE34DFF318F889FE00984015 /* Build configuration list for PBXNativeTarget "WheresCarl" */;
			buildPhases = (
				DE34DFB118F889FD00984015 /* Sources */,
				DE34DFB218F889FD00984015 /* Frameworks */,
				DE34DFB318F889FD00984015 /* Resources */,
			);
			buildRules = (
			);
			dependencies = (
			);
			name = WheresCarl;
			productName = WheresCarl;
			productReference = DE34DFB518F889FD00984015 /* WheresCarl.app */;
			productType = "com.apple.product-type.application";
		};
		DE34DFE018F889FE00984015 /* WheresCarlTests */ = {
			isa = PBXNativeTarget;
			buildConfigurationList = DE34DFF618F889FE00984015 /* Build configuration list for PBXNativeTarget "WheresCarlTests" */;
			buildPhases = (
				DE34DFDC18F889FE00984015 /* Sources */,
				DE34DFDD18F889FE00984015 /* Frameworks */,
				DE34DFDE18F889FE00984015 /* Resources */,
				DE34DFDF18F889FE00984015 /* ShellScript */,
			);
			buildRules = (
			);
			dependencies = (
				DE34DFE718F889FE00984015 /* PBXTargetDependency */,
			);
			name = WheresCarlTests;
			productName = WheresCarlTests;
			productReference = DE34DFE118F889FE00984015 /* WheresCarlTests.octest */;
			productType = "com.apple.product-type.bundle";
		};
/* End PBXNativeTarget section */

/* Begin PBXProject section */
		DE34DFAC18F889FD00984015 /* Project object */ = {
			isa = PBXProject;
			attributes = {
				CLASSPREFIX = JCM;
				LastUpgradeCheck = 0430;
				TargetAttributes = {
					DE34DFB418F889FD00984015 = {
						SystemCapabilities = {
							com.apple.iOS = {
								enabled = 1;
							};
						};
					};
				};
			};
			buildConfigurationList = DE34DFAF18F889FD00984015 /* Build configuration list for PBXProject "WheresCarl" */;
			compatibilityVersion = "Xcode 3.2";
			developmentRegion = English;
			hasScannedForEncodings = 0;
			knownRegions = (
				en,
			);
			mainGroup = DE34DFAA18F889FD00984015;
			productRefGroup = DE34DFB618F889FD00984015 /* Products */;
			projectDirPath = "";
			projectRoot = "";
			targets = (
				DE34DFB418F889FD00984015 /* WheresCarl */,
				DE34DFE018F889FE00984015 /* WheresCarlTests */,
			);
		};
/* End PBXProject section */

/* Begin PBXResourcesBuildPhase section */
		DE34DFB318F889FD00984015 /* Resources */ = {
			isa = PBXResourcesBuildPhase;
			buildActionMask = 2147483647;
			files = (
				DE34DFC418F889FD00984015 /* InfoPlist.strings in Resources */,
				DE34DFCD18F889FE00984015 /* MainStoryboard.storyboard in Resources */,
				DE34DFD218F889FE00984015 /* first.png in Resources */,
				DE34DFD418F889FE00984015 /* first@2x.png in Resources */,
				DE34DFD918F889FE00984015 /* second.png in Resources */,
				DE34DFDB18F889FE00984015 /* second@2x.png in Resources */,
				DE34DFFD18F890E100984015 /* JCMCheckInViewController.xib in Resources */,
				DE34E00718F891E900984015 /* JCMCheckInListTableViewController.xib in Resources */,
			);
			runOnlyForDeploymentPostprocessing = 0;
		};
		DE34DFDE18F889FE00984015 /* Resources */ = {
			isa = PBXResourcesBuildPhase;
			buildActionMask = 2147483647;
			files = (
				DE34DFED18F889FE00984015 /* InfoPlist.strings in Resources */,
			);
			runOnlyForDeploymentPostprocessing = 0;
		};
/* End PBXResourcesBuildPhase section */

/* Begin PBXShellScriptBuildPhase section */
		DE34DFDF18F889FE00984015 /* ShellScript */ = {
			isa = PBXShellScriptBuildPhase;
			buildActionMask = 2147483647;
			files = (
			);
			inputPaths = (
			);
			outputPaths = (
			);
			runOnlyForDeploymentPostprocessing = 0;
			shellPath = /bin/sh;
			shellScript = "# Run the unit tests in this test bundle.\n\"${SYSTEM_DEVELOPER_DIR}/Tools/RunUnitTests\"\n";
		};
/* End PBXShellScriptBuildPhase section */

/* Begin PBXSourcesBuildPhase section */
		DE34DFB118F889FD00984015 /* Sources */ = {
			isa = PBXSourcesBuildPhase;
			buildActionMask = 2147483647;
			files = (
				DE34DFC618F889FE00984015 /* main.m in Sources */,
				FCF96EF918FB1B260079D943 /* JCMMapViewController.m in Sources */,
				FCF96EF318FB18270079D943 /* JCMTabBarViewController.m in Sources */,
				FCF96EEE18FAFFE80079D943 /* JCMCheckIn.m in Sources */,
				DE34DFCA18F889FE00984015 /* JCMAppDelegate.m in Sources */,
				DE34DFFC18F890E100984015 /* JCMCheckInViewController.m in Sources */,
				DE34E00618F891E900984015 /* JCMCheckInListTableViewController.m in Sources */,
			);
			runOnlyForDeploymentPostprocessing = 0;
		};
		DE34DFDC18F889FE00984015 /* Sources */ = {
			isa = PBXSourcesBuildPhase;
			buildActionMask = 2147483647;
			files = (
				DE34DFF018F889FE00984015 /* WheresCarlTests.m in Sources */,
			);
			runOnlyForDeploymentPostprocessing = 0;
		};
/* End PBXSourcesBuildPhase section */

/* Begin PBXTargetDependency section */
		DE34DFE718F889FE00984015 /* PBXTargetDependency */ = {
			isa = PBXTargetDependency;
			target = DE34DFB418F889FD00984015 /* WheresCarl */;
			targetProxy = DE34DFE618F889FE00984015 /* PBXContainerItemProxy */;
		};
/* End PBXTargetDependency section */

/* Begin PBXVariantGroup section */
		DE34DFC218F889FD00984015 /* InfoPlist.strings */ = {
			isa = PBXVariantGroup;
			children = (
				DE34DFC318F889FD00984015 /* en */,
			);
			name = InfoPlist.strings;
			sourceTree = "<group>";
		};
		DE34DFCB18F889FE00984015 /* MainStoryboard.storyboard */ = {
			isa = PBXVariantGroup;
			children = (
				DE34DFCC18F889FE00984015 /* en */,
			);
			name = MainStoryboard.storyboard;
			sourceTree = "<group>";
		};
		DE34DFEB18F889FE00984015 /* InfoPlist.strings */ = {
			isa = PBXVariantGroup;
			children = (
				DE34DFEC18F889FE00984015 /* en */,
			);
			name = InfoPlist.strings;
			sourceTree = "<group>";
		};
/* End PBXVariantGroup section */

/* Begin XCBuildConfiguration section */
		DE34DFF118F889FE00984015 /* Debug */ = {
			isa = XCBuildConfiguration;
			buildSettings = {
				ALWAYS_SEARCH_USER_PATHS = NO;
				ARCHS = "$(ARCHS_STANDARD_32_BIT)";
				CLANG_ENABLE_OBJC_ARC = YES;
				"CODE_SIGN_IDENTITY[sdk=iphoneos*]" = "iPhone Developer";
				COPY_PHASE_STRIP = NO;
				GCC_C_LANGUAGE_STANDARD = gnu99;
				GCC_DYNAMIC_NO_PIC = NO;
				GCC_OPTIMIZATION_LEVEL = 0;
				GCC_PREPROCESSOR_DEFINITIONS = (
					"DEBUG=1",
					"$(inherited)",
				);
				GCC_SYMBOLS_PRIVATE_EXTERN = NO;
				GCC_VERSION = com.apple.compilers.llvm.clang.1_0;
				GCC_WARN_ABOUT_RETURN_TYPE = YES;
				GCC_WARN_UNINITIALIZED_AUTOS = YES;
				GCC_WARN_UNUSED_VARIABLE = YES;
				IPHONEOS_DEPLOYMENT_TARGET = 7.1;
				SDKROOT = iphoneos;
			};
			name = Debug;
		};
		DE34DFF218F889FE00984015 /* Release */ = {
			isa = XCBuildConfiguration;
			buildSettings = {
				ALWAYS_SEARCH_USER_PATHS = NO;
				ARCHS = "$(ARCHS_STANDARD_32_BIT)";
				CLANG_ENABLE_OBJC_ARC = YES;
				"CODE_SIGN_IDENTITY[sdk=iphoneos*]" = "iPhone Developer";
				COPY_PHASE_STRIP = YES;
				GCC_C_LANGUAGE_STANDARD = gnu99;
				GCC_VERSION = com.apple.compilers.llvm.clang.1_0;
				GCC_WARN_ABOUT_RETURN_TYPE = YES;
				GCC_WARN_UNINITIALIZED_AUTOS = YES;
				GCC_WARN_UNUSED_VARIABLE = YES;
				IPHONEOS_DEPLOYMENT_TARGET = 7.1;
				OTHER_CFLAGS = "-DNS_BLOCK_ASSERTIONS=1";
				SDKROOT = iphoneos;
				VALIDATE_PRODUCT = YES;
			};
			name = Release;
		};
		DE34DFF418F889FE00984015 /* Debug */ = {
			isa = XCBuildConfiguration;
			buildSettings = {
				GCC_PRECOMPILE_PREFIX_HEADER = YES;
				GCC_PREFIX_HEADER = "WheresCarl/WheresCarl-Prefix.pch";
				INFOPLIST_FILE = "WheresCarl/WheresCarl-Info.plist";
				IPHONEOS_DEPLOYMENT_TARGET = 7.1;
				PRODUCT_NAME = "$(TARGET_NAME)";
				WRAPPER_EXTENSION = app;
			};
			name = Debug;
		};
		DE34DFF518F889FE00984015 /* Release */ = {
			isa = XCBuildConfiguration;
			buildSettings = {
				GCC_PRECOMPILE_PREFIX_HEADER = YES;
				GCC_PREFIX_HEADER = "WheresCarl/WheresCarl-Prefix.pch";
				INFOPLIST_FILE = "WheresCarl/WheresCarl-Info.plist";
				IPHONEOS_DEPLOYMENT_TARGET = 7.1;
				PRODUCT_NAME = "$(TARGET_NAME)";
				WRAPPER_EXTENSION = app;
			};
			name = Release;
		};
		DE34DFF718F889FE00984015 /* Debug */ = {
			isa = XCBuildConfiguration;
			buildSettings = {
				BUNDLE_LOADER = "$(BUILT_PRODUCTS_DIR)/WheresCarl.app/WheresCarl";
				FRAMEWORK_SEARCH_PATHS = (
					"$(SDKROOT)/Developer/Library/Frameworks",
					"$(DEVELOPER_LIBRARY_DIR)/Frameworks",
				);
				GCC_PRECOMPILE_PREFIX_HEADER = YES;
				GCC_PREFIX_HEADER = "WheresCarl/WheresCarl-Prefix.pch";
				INFOPLIST_FILE = "WheresCarlTests/WheresCarlTests-Info.plist";
				PRODUCT_NAME = "$(TARGET_NAME)";
				TEST_HOST = "$(BUNDLE_LOADER)";
				WRAPPER_EXTENSION = octest;
			};
			name = Debug;
		};
		DE34DFF818F889FE00984015 /* Release */ = {
			isa = XCBuildConfiguration;
			buildSettings = {
				BUNDLE_LOADER = "$(BUILT_PRODUCTS_DIR)/WheresCarl.app/WheresCarl";
				FRAMEWORK_SEARCH_PATHS = (
					"$(SDKROOT)/Developer/Library/Frameworks",
					"$(DEVELOPER_LIBRARY_DIR)/Frameworks",
				);
				GCC_PRECOMPILE_PREFIX_HEADER = YES;
				GCC_PREFIX_HEADER = "WheresCarl/WheresCarl-Prefix.pch";
				INFOPLIST_FILE = "WheresCarlTests/WheresCarlTests-Info.plist";
				PRODUCT_NAME = "$(TARGET_NAME)";
				TEST_HOST = "$(BUNDLE_LOADER)";
				WRAPPER_EXTENSION = octest;
			};
			name = Release;
		};
/* End XCBuildConfiguration section */

/* Begin XCConfigurationList section */
		DE34DFAF18F889FD00984015 /* Build configuration list for PBXProject "WheresCarl" */ = {
			isa = XCConfigurationList;
			buildConfigurations = (
				DE34DFF118F889FE00984015 /* Debug */,
				DE34DFF218F889FE00984015 /* Release */,
			);
			defaultConfigurationIsVisible = 0;
			defaultConfigurationName = Release;
		};
		DE34DFF318F889FE00984015 /* Build configuration list for PBXNativeTarget "WheresCarl" */ = {
			isa = XCConfigurationList;
			buildConfigurations = (
				DE34DFF418F889FE00984015 /* Debug */,
				DE34DFF518F889FE00984015 /* Release */,
			);
			defaultConfigurationIsVisible = 0;
			defaultConfigurationName = Release;
		};
		DE34DFF618F889FE00984015 /* Build configuration list for PBXNativeTarget "WheresCarlTests" */ = {
			isa = XCConfigurationList;
			buildConfigurations = (
				DE34DFF718F889FE00984015 /* Debug */,
				DE34DFF818F889FE00984015 /* Release */,
			);
			defaultConfigurationIsVisible = 0;
			defaultConfigurationName = Release;
		};
/* End XCConfigurationList section */
	};
	rootObject = DE34DFAC18F889FD00984015 /* Project object */;
}
